
Microsoft Visual Studio Solution File, Format Version 12.00
# Visual Studio 15
VisualStudioVersion = 15.0.28307.539
MinimumVisualStudioVersion = 10.0.40219.1
Project("{FAE04EC0-301F-11D3-BF4B-00C04F79EFBC}") = "WpfApp3", "WpfApp3\WpfApp3.csproj", "{B24A421E-AA81-4311-8E2F-9F5B48B3C415}"
EndProject
Global
	GlobalSection(SolutionConfigurationPlatforms) = preSolution
		Debug|Any CPU = Debug|Any CPU
		Release|Any CPU = Release|Any CPU
	EndGlobalSection
	GlobalSection(ProjectConfigurationPlatforms) = postSolution
		{B24A421E-AA81-4311-8E2F-9F5B48B3C415}.Debug|Any CPU.ActiveCfg = Debug|Any CPU
		{B24A421E-AA81-4311-8E2F-9F5B48B3C415}.Debug|Any CPU.Build.0 = Debug|Any CPU
		{B24A421E-AA81-4311-8E2F-9F5B48B3C415}.Release|Any CPU.ActiveCfg = Release|Any CPU
		{B24A421E-AA81-4311-8E2F-9F5B48B3C415}.Release|Any CPU.Build.0 = Release|Any CPU
	EndGlobalSection
	GlobalSection(SolutionProperties) = preSolution
		HideSolutionNode = FALSE
	EndGlobalSection
	GlobalSection(ExtensibilityGlobals) = postSolution
		SolutionGuid = {2D1E4DA4-EB2A-4A05-B1A9-DDF99CD2B3AB}
	EndGlobalSection
EndGlobal
